
Microsoft Visual Studio Solution File, Format Version 12.00
# Visual Studio Version 16
VisualStudioVersion = 16.0.31410.357
MinimumVisualStudioVersion = 10.0.40219.1
Project("{9A19103F-16F7-4668-BE54-9A1E7A4F7556}") = "DevFreela.API", "DevFreela.API\DevFreela.API.csproj", "{9A043216-2AA5-4DD1-BD62-98ADDDB26E80}"
EndProject
Project("{9A19103F-16F7-4668-BE54-9A1E7A4F7556}") = "DevFreela.Core", "DevFreela.Core\DevFreela.Core.csproj", "{EEB47A01-0DAC-4935-9190-E9CC480E4BF9}"
EndProject
Project("{9A19103F-16F7-4668-BE54-9A1E7A4F7556}") = "DevFreela.Infrastructure", "DevFreela.Infrastructure\DevFreela.Infrastructure.csproj", "{25909744-BAB4-4E01-BDF2-ECB9945A6108}"
EndProject
Project("{9A19103F-16F7-4668-BE54-9A1E7A4F7556}") = "DevFreela.Application", "DevFreela.Application\DevFreela.Application.csproj", "{B85322EA-17EA-4491-A939-D32A809154FF}"
EndProject
Project("{FAE04EC0-301F-11D3-BF4B-00C04F79EFBC}") = "DevFreela.UnitTests", "DevFreela.UnitTests\DevFreela.UnitTests.csproj", "{820DC382-264B-4577-A6CF-33087DB068E9}"
EndProject
Global
	GlobalSection(SolutionConfigurationPlatforms) = preSolution
		Debug|Any CPU = Debug|Any CPU
		Release|Any CPU = Release|Any CPU
	EndGlobalSection
	GlobalSection(ProjectConfigurationPlatforms) = postSolution
		{9A043216-2AA5-4DD1-BD62-98ADDDB26E80}.Debug|Any CPU.ActiveCfg = Debug|Any CPU
		{9A043216-2AA5-4DD1-BD62-98ADDDB26E80}.Debug|Any CPU.Build.0 = Debug|Any CPU
		{9A043216-2AA5-4DD1-BD62-98ADDDB26E80}.Release|Any CPU.ActiveCfg = Release|Any CPU
		{9A043216-2AA5-4DD1-BD62-98ADDDB26E80}.Release|Any CPU.Build.0 = Release|Any CPU
		{EEB47A01-0DAC-4935-9190-E9CC480E4BF9}.Debug|Any CPU.ActiveCfg = Debug|Any CPU
		{EEB47A01-0DAC-4935-9190-E9CC480E4BF9}.Debug|Any CPU.Build.0 = Debug|Any CPU
		{EEB47A01-0DAC-4935-9190-E9CC480E4BF9}.Release|Any CPU.ActiveCfg = Release|Any CPU
		{EEB47A01-0DAC-4935-9190-E9CC480E4BF9}.Release|Any CPU.Build.0 = Release|Any CPU
		{25909744-BAB4-4E01-BDF2-ECB9945A6108}.Debug|Any CPU.ActiveCfg = Debug|Any CPU
		{25909744-BAB4-4E01-BDF2-ECB9945A6108}.Debug|Any CPU.Build.0 = Debug|Any CPU
		{25909744-BAB4-4E01-BDF2-ECB9945A6108}.Release|Any CPU.ActiveCfg = Release|Any CPU
		{25909744-BAB4-4E01-BDF2-ECB9945A6108}.Release|Any CPU.Build.0 = Release|Any CPU
		{B85322EA-17EA-4491-A939-D32A809154FF}.Debug|Any CPU.ActiveCfg = Debug|Any CPU
		{B85322EA-17EA-4491-A939-D32A809154FF}.Debug|Any CPU.Build.0 = Debug|Any CPU
		{B85322EA-17EA-4491-A939-D32A809154FF}.Release|Any CPU.ActiveCfg = Release|Any CPU
		{B85322EA-17EA-4491-A939-D32A809154FF}.Release|Any CPU.Build.0 = Release|Any CPU
		{820DC382-264B-4577-A6CF-33087DB068E9}.Debug|Any CPU.ActiveCfg = Debug|Any CPU
		{820DC382-264B-4577-A6CF-33087DB068E9}.Debug|Any CPU.Build.0 = Debug|Any CPU
		{820DC382-264B-4577-A6CF-33087DB068E9}.Release|Any CPU.ActiveCfg = Release|Any CPU
		{820DC382-264B-4577-A6CF-33087DB068E9}.Release|Any CPU.Build.0 = Release|Any CPU
	EndGlobalSection
	GlobalSection(SolutionProperties) = preSolution
		HideSolutionNode = FALSE
	EndGlobalSection
	GlobalSection(ExtensibilityGlobals) = postSolution
		SolutionGuid = {E622E2B1-8EB4-4759-82B1-0E885D422022}
	EndGlobalSection
EndGlobal
