
Microsoft Visual Studio Solution File, Format Version 12.00
# Visual Studio Version 16
VisualStudioVersion = 16.0.31410.357
MinimumVisualStudioVersion = 10.0.40219.1
Project("{FAE04EC0-301F-11D3-BF4B-00C04F79EFBC}") = "DevFreela.Payments.API", "DevFreela.Payments.API\DevFreela.Payments.API.csproj", "{AAD33D50-30FC-4572-8C0D-7F32392024BB}"
EndProject
Global
	GlobalSection(SolutionConfigurationPlatforms) = preSolution
		Debug|Any CPU = Debug|Any CPU
		Release|Any CPU = Release|Any CPU
	EndGlobalSection
	GlobalSection(ProjectConfigurationPlatforms) = postSolution
		{AAD33D50-30FC-4572-8C0D-7F32392024BB}.Debug|Any CPU.ActiveCfg = Debug|Any CPU
		{AAD33D50-30FC-4572-8C0D-7F32392024BB}.Debug|Any CPU.Build.0 = Debug|Any CPU
		{AAD33D50-30FC-4572-8C0D-7F32392024BB}.Release|Any CPU.ActiveCfg = Release|Any CPU
		{AAD33D50-30FC-4572-8C0D-7F32392024BB}.Release|Any CPU.Build.0 = Release|Any CPU
	EndGlobalSection
	GlobalSection(SolutionProperties) = preSolution
		HideSolutionNode = FALSE
	EndGlobalSection
	GlobalSection(ExtensibilityGlobals) = postSolution
		SolutionGuid = {5AF58E44-0F7C-42FF-B3A3-8F5FFCA95435}
	EndGlobalSection
EndGlobal
